{
	"name": "mailer",
	"version": "1.0.0",
	"lockfileVersion": 2,
	"requires": true,
	"packages": {
		"": {
			"name": "mailer",
			"version": "1.0.0",
			"license": "MIT",
			"dependencies": {
				"aws4fetch": "^1.0.12",
				"qs": "^6.9.4",
				"validator": "^13.1.1",
				"xss": "^1.0.8"
			},
			"devDependencies": {
				"prettier": "^1.18.2"
			}
		},
		"node_modules/aws4fetch": {
			"version": "1.0.12",
			"resolved": "https://registry.npmjs.org/aws4fetch/-/aws4fetch-1.0.12.tgz",
			"integrity": "sha512-q4lB1yOxtHnDfZVaLlsA9MlsUG+cu40K8M5hRqOiApfI5o8NDwVQqlpGOF81DktxJU7aZQQHp3Xumf8IZrjxcw=="
		},
		"node_modules/commander": {
			"version": "2.20.3",
			"resolved": "https://registry.npmjs.org/commander/-/commander-2.20.3.tgz",
			"integrity": "sha512-GpVkmM8vF2vQUkj2LvZmD35JxeJOLCwJ9cUkugyk2nuhbv3+mJvpLYYt+0+USMxE+oj+ey/lJEnhZw75x/OMcQ=="
		},
		"node_modules/cssfilter": {
			"version": "0.0.10",
			"resolved": "https://registry.npmjs.org/cssfilter/-/cssfilter-0.0.10.tgz",
			"integrity": "sha1-xtJnJjKi5cg+AT5oZKQs6N79IK4="
		},
		"node_modules/prettier": {
			"version": "1.19.1",
			"resolved": "https://registry.npmjs.org/prettier/-/prettier-1.19.1.tgz",
			"integrity": "sha512-s7PoyDv/II1ObgQunCbB9PdLmUcBZcnWOcxDh7O0N/UwDEsHyqkW+Qh28jW+mVuCdx7gLB0BotYI1Y6uI9iyew==",
			"dev": true,
			"bin": {
				"prettier": "bin-prettier.js"
			},
			"engines": {
				"node": ">=4"
			}
		},
		"node_modules/qs": {
			"version": "6.9.4",
			"resolved": "https://registry.npmjs.org/qs/-/qs-6.9.4.tgz",
			"integrity": "sha512-A1kFqHekCTM7cz0udomYUoYNWjBebHm/5wzU/XqrBRBNWectVH0QIiN+NEcZ0Dte5hvzHwbr8+XQmguPhJ6WdQ==",
			"engines": {
				"node": ">=0.6"
			},
			"funding": {
				"url": "https://github.com/sponsors/ljharb"
			}
		},
		"node_modules/validator": {
			"version": "13.1.1",
			"resolved": "https://registry.npmjs.org/validator/-/validator-13.1.1.tgz",
			"integrity": "sha512-8GfPiwzzRoWTg7OV1zva1KvrSemuMkv07MA9TTl91hfhe+wKrsrgVN4H2QSFd/U/FhiU3iWPYVgvbsOGwhyFWw==",
			"engines": {
				"node": ">= 0.10"
			}
		},
		"node_modules/xss": {
			"version": "1.0.8",
			"resolved": "https://registry.npmjs.org/xss/-/xss-1.0.8.tgz",
			"integrity": "sha512-3MgPdaXV8rfQ/pNn16Eio6VXYPTkqwa0vc7GkiymmY/DqR1SE/7VPAAVZz1GJsJFrllMYO3RHfEaiUGjab6TNw==",
			"dependencies": {
				"commander": "^2.20.3",
				"cssfilter": "0.0.10"
			},
			"bin": {
				"xss": "bin/xss"
			},
			"engines": {
				"node": ">= 0.10.0"
			}
		}
	},
	"dependencies": {
		"aws4fetch": {
			"version": "1.0.12",
			"resolved": "https://registry.npmjs.org/aws4fetch/-/aws4fetch-1.0.12.tgz",
			"integrity": "sha512-q4lB1yOxtHnDfZVaLlsA9MlsUG+cu40K8M5hRqOiApfI5o8NDwVQqlpGOF81DktxJU7aZQQHp3Xumf8IZrjxcw=="
		},
		"commander": {
			"version": "2.20.3",
			"resolved": "https://registry.npmjs.org/commander/-/commander-2.20.3.tgz",
			"integrity": "sha512-GpVkmM8vF2vQUkj2LvZmD35JxeJOLCwJ9cUkugyk2nuhbv3+mJvpLYYt+0+USMxE+oj+ey/lJEnhZw75x/OMcQ=="
		},
		"cssfilter": {
			"version": "0.0.10",
			"resolved": "https://registry.npmjs.org/cssfilter/-/cssfilter-0.0.10.tgz",
			"integrity": "sha1-xtJnJjKi5cg+AT5oZKQs6N79IK4="
		},
		"prettier": {
			"version": "1.19.1",
			"resolved": "https://registry.npmjs.org/prettier/-/prettier-1.19.1.tgz",
			"integrity": "sha512-s7PoyDv/II1ObgQunCbB9PdLmUcBZcnWOcxDh7O0N/UwDEsHyqkW+Qh28jW+mVuCdx7gLB0BotYI1Y6uI9iyew==",
			"dev": true
		},
		"qs": {
			"version": "6.9.4",
			"resolved": "https://registry.npmjs.org/qs/-/qs-6.9.4.tgz",
			"integrity": "sha512-A1kFqHekCTM7cz0udomYUoYNWjBebHm/5wzU/XqrBRBNWectVH0QIiN+NEcZ0Dte5hvzHwbr8+XQmguPhJ6WdQ=="
		},
		"validator": {
			"version": "13.1.1",
			"resolved": "https://registry.npmjs.org/validator/-/validator-13.1.1.tgz",
			"integrity": "sha512-8GfPiwzzRoWTg7OV1zva1KvrSemuMkv07MA9TTl91hfhe+wKrsrgVN4H2QSFd/U/FhiU3iWPYVgvbsOGwhyFWw=="
		},
		"xss": {
			"version": "1.0.8",
			"resolved": "https://registry.npmjs.org/xss/-/xss-1.0.8.tgz",
			"integrity": "sha512-3MgPdaXV8rfQ/pNn16Eio6VXYPTkqwa0vc7GkiymmY/DqR1SE/7VPAAVZz1GJsJFrllMYO3RHfEaiUGjab6TNw==",
			"requires": {
				"commander": "^2.20.3",
				"cssfilter": "0.0.10"
			}
		}
	}
}
