{
    "name": "mailer",
    "version": "1.0.0",
    "lockfileVersion": 1,
    "requires": true,
    "dependencies": {
        "aws4fetch": {
            "version": "1.0.12",
            "resolved": "https://registry.npmjs.org/aws4fetch/-/aws4fetch-1.0.12.tgz",
            "integrity": "sha512-q4lB1yOxtHnDfZVaLlsA9MlsUG+cu40K8M5hRqOiApfI5o8NDwVQqlpGOF81DktxJU7aZQQHp3Xumf8IZrjxcw=="
        },
        "prettier": {
            "version": "1.19.1",
            "resolved": "https://registry.npmjs.org/prettier/-/prettier-1.19.1.tgz",
            "integrity": "sha512-s7PoyDv/II1ObgQunCbB9PdLmUcBZcnWOcxDh7O0N/UwDEsHyqkW+Qh28jW+mVuCdx7gLB0BotYI1Y6uI9iyew==",
            "dev": true
        },
        "qs": {
            "version": "6.9.4",
            "resolved": "https://registry.npmjs.org/qs/-/qs-6.9.4.tgz",
            "integrity": "sha512-A1kFqHekCTM7cz0udomYUoYNWjBebHm/5wzU/XqrBRBNWectVH0QIiN+NEcZ0Dte5hvzHwbr8+XQmguPhJ6WdQ=="
        }
    }
}
